<?xml version="1.0" encoding="utf-8"?>
<Project ToolsVersion="4.0" xmlns="http://schemas.microsoft.com/developer/msbuild/2003">
  <ItemGroup>
    <ClCompile Include="densya.cpp" />
    <ClCompile Include="doron.cpp" />
    <ClCompile Include="GameL\GameL_Main.cpp" />
    <ClCompile Include="kip.cpp" />
    <ClCompile Include="Kirari.cpp" />
    <ClCompile Include="naihu.cpp" />
    <ClCompile Include="ObjAnten.cpp" />
    <ClCompile Include="ObjBlock.cpp" />
    <ClCompile Include="objenemy.cpp" />
    <ClCompile Include="ObjGameOver.cpp" />
    <ClCompile Include="objhenemy.cpp" />
    <ClCompile Include="ObjLei.cpp" />
    <ClCompile Include="ObjItemTea.cpp" />
    <ClCompile Include="ObjItemWing.cpp" />
    <ClCompile Include="objnage.cpp" />
    <ClCompile Include="objsin.cpp" />
    <ClCompile Include="objsyasyo.cpp" />
    <ClCompile Include="ObjSyasyou.cpp" />
    <ClCompile Include="ObjStageSelect.cpp" />
    <ClCompile Include="ObjText.cpp" />
    <ClCompile Include="ObjTitle.cpp" />
    <ClCompile Include="SceneGameOver.cpp" />
    <ClCompile Include="SceneMain.cpp" />
    <ClCompile Include="SceneStageSelect.cpp" />
    <ClCompile Include="SceneTitle.cpp" />
    <ClCompile Include="Stage1.cpp" />
    <ClCompile Include="sukima.cpp" />
    <ClCompile Include="tama.cpp" />
    <ClCompile Include="tamac.cpp" />
    <ClCompile Include="test.cpp" />
    <ClCompile Include="tobasu.cpp" />
    <ClCompile Include="ObjSynopsis.cpp">
      <Filter>Synopsis</Filter>
    </ClCompile>
    <ClCompile Include="SceneSynopsis.cpp">
      <Filter>Synopsis</Filter>
    </ClCompile>
  </ItemGroup>
  <ItemGroup>
    <ClInclude Include="densya.h" />
    <ClInclude Include="doron.h" />
    <ClInclude Include="GameHead.h" />
    <ClInclude Include="GameL\Audio.h" />
    <ClInclude Include="GameL\DirectXDevice.h" />
    <ClInclude Include="GameL\DrawFont.h" />
    <ClInclude Include="GameL\DrawTexture.h" />
    <ClInclude Include="GameL\HitBoxManager.h" />
    <ClInclude Include="GameL\MultiThread.h" />
    <ClInclude Include="GameL\SceneManager.h" />
    <ClInclude Include="GameL\SceneObjManager.h" />
    <ClInclude Include="GameL\SetWindow.h" />
    <ClInclude Include="GameL\UserData.h" />
    <ClInclude Include="GameL\WinInputs.h" />
    <ClInclude Include="kip.h" />
    <ClInclude Include="Kirari.h" />
    <ClInclude Include="main.h" />
    <ClInclude Include="naihu.h" />
    <ClInclude Include="ObjAnten.h" />
    <ClInclude Include="ObjBlock.h" />
    <ClInclude Include="objenemy.h" />
    <ClInclude Include="ObjGameOver.h" />
    <ClInclude Include="objhenemy.h" />
    <ClInclude Include="ObjItemTea.h" />
    <ClInclude Include="ObjItemWing.h" />
    <ClInclude Include="ObjLei.h" />
    <ClInclude Include="objnage.h" />
    <ClInclude Include="objsin.h" />
    <ClInclude Include="objsyasyo.h" />
    <ClInclude Include="ObjSyasyou.h" />
    <ClInclude Include="ObjStageSelect.h" />
    <ClInclude Include="ObjText.h" />
    <ClInclude Include="ObjTitle.h" />
    <ClInclude Include="SceneGameOver.h" />
    <ClInclude Include="SceneMain.h" />
    <ClInclude Include="SceneStageSelect.h" />
    <ClInclude Include="SceneTitle.h" />
    <ClInclude Include="Stage1.h" />
    <ClInclude Include="sukima.h" />
    <ClInclude Include="tama.h" />
    <ClInclude Include="tamac.h" />
    <ClInclude Include="tobasu.h" />
    <ClInclude Include="ObjSynopsis.h">
      <Filter>Synopsis</Filter>
    </ClInclude>
    <ClInclude Include="SceneSynopsis.h">
      <Filter>Synopsis</Filter>
    </ClInclude>
  </ItemGroup>
  <ItemGroup>
    <Library Include="GameL\libar.lib" />
  </ItemGroup>
  <ItemGroup>
    <None Include="GameL\Draw2DTex.hlsl" />
  </ItemGroup>
  <ItemGroup>
    <Filter Include="Synopsis">
      <UniqueIdentifier>{e8091ccf-a123-4599-8a35-966238261d11}</UniqueIdentifier>
    </Filter>
  </ItemGroup>
</Project>